// !$*UTF8*$!
{
	archiveVersion = 1;
	classes = {
	};
	objectVersion = 55;
	objects = {

/* Begin PBXBuildFile section */
		59AA906928D0B73E00504FB8 /* UIView.swift in Sources */ = {isa = PBXBuildFile; fileRef = 59AA906828D0B73E00504FB8 /* UIView.swift */; };
		D699598E28DCA41300DBC595 /* Ana_Amarela#fae594.dae in Resources */ = {isa = PBXBuildFile; fileRef = D699598D28DCA41300DBC595 /* Ana_Amarela#fae594.dae */; };
		D6E1B39A28DB382C004D66F7 /* CellTypeModel.swift in Sources */ = {isa = PBXBuildFile; fileRef = D6E1B39928DB382C004D66F7 /* CellTypeModel.swift */; };
		D6E1B39C28DB49D3004D66F7 /* VoxDescriptionTableViewCell.swift in Sources */ = {isa = PBXBuildFile; fileRef = D6E1B39B28DB49D3004D66F7 /* VoxDescriptionTableViewCell.swift */; };
		FE1D977B28D20BEC003DBFF4 /* ConstantsModel.swift in Sources */ = {isa = PBXBuildFile; fileRef = FE1D977A28D20BEC003DBFF4 /* ConstantsModel.swift */; };
		FE559C6728CF9F4000FAA814 /* Stars.json in Resources */ = {isa = PBXBuildFile; fileRef = FEC6052428CF70FF0097814F /* Stars.json */; };
		FE5F9ABC28CB72B700B79303 /* AboutStarViewController.swift in Sources */ = {isa = PBXBuildFile; fileRef = FE5F9ABB28CB72B700B79303 /* AboutStarViewController.swift */; };
		FE5F9ABE28CB871B00B79303 /* StarsModel.swift in Sources */ = {isa = PBXBuildFile; fileRef = FE5F9ABD28CB871B00B79303 /* StarsModel.swift */; };
		FE5F9AC028CF546F00B79303 /* UIImage.swift in Sources */ = {isa = PBXBuildFile; fileRef = FE5F9ABF28CF546F00B79303 /* UIImage.swift */; };
		FE7328C228C61E8A002B7FF9 /* AppDelegate.swift in Sources */ = {isa = PBXBuildFile; fileRef = FE7328C128C61E8A002B7FF9 /* AppDelegate.swift */; };
		FE7328C428C61E8A002B7FF9 /* SceneDelegate.swift in Sources */ = {isa = PBXBuildFile; fileRef = FE7328C328C61E8A002B7FF9 /* SceneDelegate.swift */; };
		FE7328C628C61E8A002B7FF9 /* ExploreViewController.swift in Sources */ = {isa = PBXBuildFile; fileRef = FE7328C528C61E8A002B7FF9 /* ExploreViewController.swift */; };
		FE7328CB28C61E8B002B7FF9 /* Assets.xcassets in Resources */ = {isa = PBXBuildFile; fileRef = FE7328CA28C61E8B002B7FF9 /* Assets.xcassets */; };
		FE7328CE28C61E8B002B7FF9 /* LaunchScreen.storyboard in Resources */ = {isa = PBXBuildFile; fileRef = FE7328CC28C61E8B002B7FF9 /* LaunchScreen.storyboard */; };
		FE7328D928C61E8B002B7FF9 /* StarMindsTests.swift in Sources */ = {isa = PBXBuildFile; fileRef = FE7328D828C61E8B002B7FF9 /* StarMindsTests.swift */; };
		FE7328E328C61E8B002B7FF9 /* StarMindsUITests.swift in Sources */ = {isa = PBXBuildFile; fileRef = FE7328E228C61E8B002B7FF9 /* StarMindsUITests.swift */; };
		FE7328E528C61E8B002B7FF9 /* StarMindsUITestsLaunchTests.swift in Sources */ = {isa = PBXBuildFile; fileRef = FE7328E428C61E8B002B7FF9 /* StarMindsUITestsLaunchTests.swift */; };
		FE7328F228C61FE2002B7FF9 /* ViewConfiguration.swift in Sources */ = {isa = PBXBuildFile; fileRef = FE7328F128C61FE2002B7FF9 /* ViewConfiguration.swift */; };
		FE73290028C63696002B7FF9 /* Lottie in Frameworks */ = {isa = PBXBuildFile; productRef = FE7328FF28C63696002B7FF9 /* Lottie */; };
		FE795D3B28C63E8D00469569 /* CALayer.swift in Sources */ = {isa = PBXBuildFile; fileRef = FE795D3A28C63E8D00469569 /* CALayer.swift */; };
		FE795D3D28C76EC700469569 /* CatTalksView.swift in Sources */ = {isa = PBXBuildFile; fileRef = FE795D3C28C76EC700469569 /* CatTalksView.swift */; };
		FE795D3F28C780D400469569 /* CollectionViewCell.swift in Sources */ = {isa = PBXBuildFile; fileRef = FE795D3E28C780D400469569 /* CollectionViewCell.swift */; };
		FECDA6B628C6395300E2485E /* 89151-stars.json in Resources */ = {isa = PBXBuildFile; fileRef = FECDA6B528C6395300E2485E /* 89151-stars.json */; };
		FEE1EBA328DA06FB00F5C757 /* Ana_Amarela#f4c06a.dae in Resources */ = {isa = PBXBuildFile; fileRef = FEE1EB8E28DA06F700F5C757 /* Ana_Amarela#f4c06a.dae */; };
		FEE1EBA428DA06FB00F5C757 /* Estrela_Variavel#d8a201.dae in Resources */ = {isa = PBXBuildFile; fileRef = FEE1EB8F28DA06F700F5C757 /* Estrela_Variavel#d8a201.dae */; };
		FEE1EBA528DA06FB00F5C757 /* Anas_Marrons#4d0805.dae in Resources */ = {isa = PBXBuildFile; fileRef = FEE1EB9028DA06F700F5C757 /* Anas_Marrons#4d0805.dae */; };
		FEE1EBA628DA06FB00F5C757 /* Estrela_Variavel#d86600.dae in Resources */ = {isa = PBXBuildFile; fileRef = FEE1EB9128DA06F800F5C757 /* Estrela_Variavel#d86600.dae */; };
		FEE1EBA728DA06FB00F5C757 /* Estrela_Neutrons#c7ccc8.dae in Resources */ = {isa = PBXBuildFile; fileRef = FEE1EB9228DA06F800F5C757 /* Estrela_Neutrons#c7ccc8.dae */; };
		FEE1EBA828DA06FB00F5C757 /* Estrela_Variavel#f45600.dae in Resources */ = {isa = PBXBuildFile; fileRef = FEE1EB9328DA06F800F5C757 /* Estrela_Variavel#f45600.dae */; };
		FEE1EBA928DA06FB00F5C757 /* Ana_Branca#ebf8f9.dae in Resources */ = {isa = PBXBuildFile; fileRef = FEE1EB9428DA06F800F5C757 /* Ana_Branca#ebf8f9.dae */; };
		FEE1EBAA28DA06FB00F5C757 /* Gigante_Vermelha#fdb332.dae in Resources */ = {isa = PBXBuildFile; fileRef = FEE1EB9528DA06F800F5C757 /* Gigante_Vermelha#fdb332.dae */; };
		FEE1EBAB28DA06FB00F5C757 /* Gigante_Azul#3583d0.dae in Resources */ = {isa = PBXBuildFile; fileRef = FEE1EB9628DA06F800F5C757 /* Gigante_Azul#3583d0.dae */; };
		FEE1EBAC28DA06FB00F5C757 /* Ana_Branca#c8edfd.dae in Resources */ = {isa = PBXBuildFile; fileRef = FEE1EB9728DA06F900F5C757 /* Ana_Branca#c8edfd.dae */; };
		FEE1EBAD28DA06FB00F5C757 /* Ana_Amarela#f9e074.dae in Resources */ = {isa = PBXBuildFile; fileRef = FEE1EB9828DA06F900F5C757 /* Ana_Amarela#f9e074.dae */; };
		FEE1EBAE28DA06FB00F5C757 /* Anas_Marrons#b73713.dae in Resources */ = {isa = PBXBuildFile; fileRef = FEE1EB9928DA06F900F5C757 /* Anas_Marrons#b73713.dae */; };
		FEE1EBAF28DA06FB00F5C757 /* Anas_Marrons#82190e.dae in Resources */ = {isa = PBXBuildFile; fileRef = FEE1EB9A28DA06F900F5C757 /* Anas_Marrons#82190e.dae */; };
		FEE1EBB028DA06FB00F5C757 /* Estrela_Neutrons#959dba.dae in Resources */ = {isa = PBXBuildFile; fileRef = FEE1EB9B28DA06F900F5C757 /* Estrela_Neutrons#959dba.dae */; };
		FEE1EBB128DA06FB00F5C757 /* Gigante_Azul#4c94d3.dae in Resources */ = {isa = PBXBuildFile; fileRef = FEE1EB9C28DA06F900F5C757 /* Gigante_Azul#4c94d3.dae */; };
		FEE1EBB228DA06FB00F5C757 /* Ana_Branca#e4f5f7.dae in Resources */ = {isa = PBXBuildFile; fileRef = FEE1EB9D28DA06FA00F5C757 /* Ana_Branca#e4f5f7.dae */; };
		FEE1EBB428DA06FB00F5C757 /* Estrela_Neutrons#a7c3cb.dae in Resources */ = {isa = PBXBuildFile; fileRef = FEE1EB9F28DA06FA00F5C757 /* Estrela_Neutrons#a7c3cb.dae */; };
		FEE1EBB528DA06FB00F5C757 /* Gigante_Azul#5eb2f5.dae in Resources */ = {isa = PBXBuildFile; fileRef = FEE1EBA028DA06FA00F5C757 /* Gigante_Azul#5eb2f5.dae */; };
		FEE1EBB628DA06FB00F5C757 /* Gigante_Vermelha#ea3a28.dae in Resources */ = {isa = PBXBuildFile; fileRef = FEE1EBA128DA06FA00F5C757 /* Gigante_Vermelha#ea3a28.dae */; };
		FEE1EBB728DA06FB00F5C757 /* Gigante_Vermelha#f1751e.dae in Resources */ = {isa = PBXBuildFile; fileRef = FEE1EBA228DA06FB00F5C757 /* Gigante_Vermelha#f1751e.dae */; };
		FEE61ADC28D362A200503463 /* VoxelTableViewCell.swift in Sources */ = {isa = PBXBuildFile; fileRef = FEE61ADB28D362A200503463 /* VoxelTableViewCell.swift */; };
/* End PBXBuildFile section */

/* Begin PBXContainerItemProxy section */
		FE7328D528C61E8B002B7FF9 /* PBXContainerItemProxy */ = {
			isa = PBXContainerItemProxy;
			containerPortal = FE7328B628C61E8A002B7FF9 /* Project object */;
			proxyType = 1;
			remoteGlobalIDString = FE7328BD28C61E8A002B7FF9;
			remoteInfo = StarMinds;
		};
		FE7328DF28C61E8B002B7FF9 /* PBXContainerItemProxy */ = {
			isa = PBXContainerItemProxy;
			containerPortal = FE7328B628C61E8A002B7FF9 /* Project object */;
			proxyType = 1;
			remoteGlobalIDString = FE7328BD28C61E8A002B7FF9;
			remoteInfo = StarMinds;
		};
/* End PBXContainerItemProxy section */

/* Begin PBXFileReference section */
		59AA906828D0B73E00504FB8 /* UIView.swift */ = {isa = PBXFileReference; lastKnownFileType = sourcecode.swift; path = UIView.swift; sourceTree = "<group>"; };
		D699598D28DCA41300DBC595 /* Ana_Amarela#fae594.dae */ = {isa = PBXFileReference; fileEncoding = 4; lastKnownFileType = text.xml.dae; path = "Ana_Amarela#fae594.dae"; sourceTree = "<group>"; };
		D6E1B39928DB382C004D66F7 /* CellTypeModel.swift */ = {isa = PBXFileReference; lastKnownFileType = sourcecode.swift; path = CellTypeModel.swift; sourceTree = "<group>"; };
		D6E1B39B28DB49D3004D66F7 /* VoxDescriptionTableViewCell.swift */ = {isa = PBXFileReference; lastKnownFileType = sourcecode.swift; path = VoxDescriptionTableViewCell.swift; sourceTree = "<group>"; };
		FE1D977A28D20BEC003DBFF4 /* ConstantsModel.swift */ = {isa = PBXFileReference; lastKnownFileType = sourcecode.swift; path = ConstantsModel.swift; sourceTree = "<group>"; };
		FE5F9ABB28CB72B700B79303 /* AboutStarViewController.swift */ = {isa = PBXFileReference; lastKnownFileType = sourcecode.swift; path = AboutStarViewController.swift; sourceTree = "<group>"; };
		FE5F9ABD28CB871B00B79303 /* StarsModel.swift */ = {isa = PBXFileReference; lastKnownFileType = sourcecode.swift; path = StarsModel.swift; sourceTree = "<group>"; };
		FE5F9ABF28CF546F00B79303 /* UIImage.swift */ = {isa = PBXFileReference; lastKnownFileType = sourcecode.swift; path = UIImage.swift; sourceTree = "<group>"; };
		FE7328BE28C61E8A002B7FF9 /* StarMinds.app */ = {isa = PBXFileReference; explicitFileType = wrapper.application; includeInIndex = 0; path = StarMinds.app; sourceTree = BUILT_PRODUCTS_DIR; };
		FE7328C128C61E8A002B7FF9 /* AppDelegate.swift */ = {isa = PBXFileReference; lastKnownFileType = sourcecode.swift; path = AppDelegate.swift; sourceTree = "<group>"; };
		FE7328C328C61E8A002B7FF9 /* SceneDelegate.swift */ = {isa = PBXFileReference; lastKnownFileType = sourcecode.swift; path = SceneDelegate.swift; sourceTree = "<group>"; };
		FE7328C528C61E8A002B7FF9 /* ExploreViewController.swift */ = {isa = PBXFileReference; lastKnownFileType = sourcecode.swift; path = ExploreViewController.swift; sourceTree = "<group>"; };
		FE7328CA28C61E8B002B7FF9 /* Assets.xcassets */ = {isa = PBXFileReference; lastKnownFileType = folder.assetcatalog; path = Assets.xcassets; sourceTree = "<group>"; };
		FE7328CD28C61E8B002B7FF9 /* Base */ = {isa = PBXFileReference; lastKnownFileType = file.storyboard; name = Base; path = Base.lproj/LaunchScreen.storyboard; sourceTree = "<group>"; };
		FE7328CF28C61E8B002B7FF9 /* Info.plist */ = {isa = PBXFileReference; lastKnownFileType = text.plist.xml; path = Info.plist; sourceTree = "<group>"; };
		FE7328D428C61E8B002B7FF9 /* StarMindsTests.xctest */ = {isa = PBXFileReference; explicitFileType = wrapper.cfbundle; includeInIndex = 0; path = StarMindsTests.xctest; sourceTree = BUILT_PRODUCTS_DIR; };
		FE7328D828C61E8B002B7FF9 /* StarMindsTests.swift */ = {isa = PBXFileReference; lastKnownFileType = sourcecode.swift; path = StarMindsTests.swift; sourceTree = "<group>"; };
		FE7328DE28C61E8B002B7FF9 /* StarMindsUITests.xctest */ = {isa = PBXFileReference; explicitFileType = wrapper.cfbundle; includeInIndex = 0; path = StarMindsUITests.xctest; sourceTree = BUILT_PRODUCTS_DIR; };
		FE7328E228C61E8B002B7FF9 /* StarMindsUITests.swift */ = {isa = PBXFileReference; lastKnownFileType = sourcecode.swift; path = StarMindsUITests.swift; sourceTree = "<group>"; };
		FE7328E428C61E8B002B7FF9 /* StarMindsUITestsLaunchTests.swift */ = {isa = PBXFileReference; lastKnownFileType = sourcecode.swift; path = StarMindsUITestsLaunchTests.swift; sourceTree = "<group>"; };
		FE7328F128C61FE2002B7FF9 /* ViewConfiguration.swift */ = {isa = PBXFileReference; lastKnownFileType = sourcecode.swift; path = ViewConfiguration.swift; sourceTree = "<group>"; };
		FE795D3A28C63E8D00469569 /* CALayer.swift */ = {isa = PBXFileReference; lastKnownFileType = sourcecode.swift; path = CALayer.swift; sourceTree = "<group>"; };
		FE795D3C28C76EC700469569 /* CatTalksView.swift */ = {isa = PBXFileReference; lastKnownFileType = sourcecode.swift; path = CatTalksView.swift; sourceTree = "<group>"; };
		FE795D3E28C780D400469569 /* CollectionViewCell.swift */ = {isa = PBXFileReference; lastKnownFileType = sourcecode.swift; path = CollectionViewCell.swift; sourceTree = "<group>"; };
		FEC6052428CF70FF0097814F /* Stars.json */ = {isa = PBXFileReference; lastKnownFileType = text.json; path = Stars.json; sourceTree = "<group>"; };
		FECDA6B528C6395300E2485E /* 89151-stars.json */ = {isa = PBXFileReference; fileEncoding = 4; lastKnownFileType = text.json; path = "89151-stars.json"; sourceTree = "<group>"; };
		FEE1EB8E28DA06F700F5C757 /* Ana_Amarela#f4c06a.dae */ = {isa = PBXFileReference; fileEncoding = 4; lastKnownFileType = text.xml.dae; path = "Ana_Amarela#f4c06a.dae"; sourceTree = "<group>"; };
		FEE1EB8F28DA06F700F5C757 /* Estrela_Variavel#d8a201.dae */ = {isa = PBXFileReference; fileEncoding = 4; lastKnownFileType = text.xml.dae; path = "Estrela_Variavel#d8a201.dae"; sourceTree = "<group>"; };
		FEE1EB9028DA06F700F5C757 /* Anas_Marrons#4d0805.dae */ = {isa = PBXFileReference; fileEncoding = 4; lastKnownFileType = text.xml.dae; path = "Anas_Marrons#4d0805.dae"; sourceTree = "<group>"; };
		FEE1EB9128DA06F800F5C757 /* Estrela_Variavel#d86600.dae */ = {isa = PBXFileReference; fileEncoding = 4; lastKnownFileType = text.xml.dae; path = "Estrela_Variavel#d86600.dae"; sourceTree = "<group>"; };
		FEE1EB9228DA06F800F5C757 /* Estrela_Neutrons#c7ccc8.dae */ = {isa = PBXFileReference; fileEncoding = 4; lastKnownFileType = text.xml.dae; path = "Estrela_Neutrons#c7ccc8.dae"; sourceTree = "<group>"; };
		FEE1EB9328DA06F800F5C757 /* Estrela_Variavel#f45600.dae */ = {isa = PBXFileReference; fileEncoding = 4; lastKnownFileType = text.xml.dae; path = "Estrela_Variavel#f45600.dae"; sourceTree = "<group>"; };
		FEE1EB9428DA06F800F5C757 /* Ana_Branca#ebf8f9.dae */ = {isa = PBXFileReference; fileEncoding = 4; lastKnownFileType = text.xml.dae; path = "Ana_Branca#ebf8f9.dae"; sourceTree = "<group>"; };
		FEE1EB9528DA06F800F5C757 /* Gigante_Vermelha#fdb332.dae */ = {isa = PBXFileReference; fileEncoding = 4; lastKnownFileType = text.xml.dae; path = "Gigante_Vermelha#fdb332.dae"; sourceTree = "<group>"; };
		FEE1EB9628DA06F800F5C757 /* Gigante_Azul#3583d0.dae */ = {isa = PBXFileReference; fileEncoding = 4; lastKnownFileType = text.xml.dae; path = "Gigante_Azul#3583d0.dae"; sourceTree = "<group>"; };
		FEE1EB9728DA06F900F5C757 /* Ana_Branca#c8edfd.dae */ = {isa = PBXFileReference; fileEncoding = 4; lastKnownFileType = text.xml.dae; path = "Ana_Branca#c8edfd.dae"; sourceTree = "<group>"; };
		FEE1EB9828DA06F900F5C757 /* Ana_Amarela#f9e074.dae */ = {isa = PBXFileReference; fileEncoding = 4; lastKnownFileType = text.xml.dae; path = "Ana_Amarela#f9e074.dae"; sourceTree = "<group>"; };
		FEE1EB9928DA06F900F5C757 /* Anas_Marrons#b73713.dae */ = {isa = PBXFileReference; fileEncoding = 4; lastKnownFileType = text.xml.dae; path = "Anas_Marrons#b73713.dae"; sourceTree = "<group>"; };
		FEE1EB9A28DA06F900F5C757 /* Anas_Marrons#82190e.dae */ = {isa = PBXFileReference; fileEncoding = 4; lastKnownFileType = text.xml.dae; path = "Anas_Marrons#82190e.dae"; sourceTree = "<group>"; };
		FEE1EB9B28DA06F900F5C757 /* Estrela_Neutrons#959dba.dae */ = {isa = PBXFileReference; fileEncoding = 4; lastKnownFileType = text.xml.dae; path = "Estrela_Neutrons#959dba.dae"; sourceTree = "<group>"; };
		FEE1EB9C28DA06F900F5C757 /* Gigante_Azul#4c94d3.dae */ = {isa = PBXFileReference; fileEncoding = 4; lastKnownFileType = text.xml.dae; path = "Gigante_Azul#4c94d3.dae"; sourceTree = "<group>"; };
		FEE1EB9D28DA06FA00F5C757 /* Ana_Branca#e4f5f7.dae */ = {isa = PBXFileReference; fileEncoding = 4; lastKnownFileType = text.xml.dae; path = "Ana_Branca#e4f5f7.dae"; sourceTree = "<group>"; };
		FEE1EB9F28DA06FA00F5C757 /* Estrela_Neutrons#a7c3cb.dae */ = {isa = PBXFileReference; fileEncoding = 4; lastKnownFileType = text.xml.dae; path = "Estrela_Neutrons#a7c3cb.dae"; sourceTree = "<group>"; };
		FEE1EBA028DA06FA00F5C757 /* Gigante_Azul#5eb2f5.dae */ = {isa = PBXFileReference; fileEncoding = 4; lastKnownFileType = text.xml.dae; path = "Gigante_Azul#5eb2f5.dae"; sourceTree = "<group>"; };
		FEE1EBA128DA06FA00F5C757 /* Gigante_Vermelha#ea3a28.dae */ = {isa = PBXFileReference; fileEncoding = 4; lastKnownFileType = text.xml.dae; path = "Gigante_Vermelha#ea3a28.dae"; sourceTree = "<group>"; };
		FEE1EBA228DA06FB00F5C757 /* Gigante_Vermelha#f1751e.dae */ = {isa = PBXFileReference; fileEncoding = 4; lastKnownFileType = text.xml.dae; path = "Gigante_Vermelha#f1751e.dae"; sourceTree = "<group>"; };
		FEE61ADB28D362A200503463 /* VoxelTableViewCell.swift */ = {isa = PBXFileReference; lastKnownFileType = sourcecode.swift; path = VoxelTableViewCell.swift; sourceTree = "<group>"; };
/* End PBXFileReference section */

/* Begin PBXFrameworksBuildPhase section */
		FE7328BB28C61E8A002B7FF9 /* Frameworks */ = {
			isa = PBXFrameworksBuildPhase;
			buildActionMask = 2147483647;
			files = (
				FE73290028C63696002B7FF9 /* Lottie in Frameworks */,
			);
			runOnlyForDeploymentPostprocessing = 0;
		};
		FE7328D128C61E8B002B7FF9 /* Frameworks */ = {
			isa = PBXFrameworksBuildPhase;
			buildActionMask = 2147483647;
			files = (
			);
			runOnlyForDeploymentPostprocessing = 0;
		};
		FE7328DB28C61E8B002B7FF9 /* Frameworks */ = {
			isa = PBXFrameworksBuildPhase;
			buildActionMask = 2147483647;
			files = (
			);
			runOnlyForDeploymentPostprocessing = 0;
		};
/* End PBXFrameworksBuildPhase section */

/* Begin PBXGroup section */
		FE7328B528C61E8A002B7FF9 = {
			isa = PBXGroup;
			children = (
				FE7328C028C61E8A002B7FF9 /* StarMinds */,
				FE7328D728C61E8B002B7FF9 /* StarMindsTests */,
				FE7328E128C61E8B002B7FF9 /* StarMindsUITests */,
				FE7328BF28C61E8A002B7FF9 /* Products */,
			);
			sourceTree = "<group>";
		};
		FE7328BF28C61E8A002B7FF9 /* Products */ = {
			isa = PBXGroup;
			children = (
				FE7328BE28C61E8A002B7FF9 /* StarMinds.app */,
				FE7328D428C61E8B002B7FF9 /* StarMindsTests.xctest */,
				FE7328DE28C61E8B002B7FF9 /* StarMindsUITests.xctest */,
			);
			name = Products;
			sourceTree = "<group>";
		};
		FE7328C028C61E8A002B7FF9 /* StarMinds */ = {
			isa = PBXGroup;
			children = (
				FE7328F728C62E1D002B7FF9 /* Application */,
				FE7328F828C62E3E002B7FF9 /* Resources */,
				FE7328F928C62E4B002B7FF9 /* Sources */,
				FE7328CF28C61E8B002B7FF9 /* Info.plist */,
			);
			path = StarMinds;
			sourceTree = "<group>";
		};
		FE7328D728C61E8B002B7FF9 /* StarMindsTests */ = {
			isa = PBXGroup;
			children = (
				FE7328D828C61E8B002B7FF9 /* StarMindsTests.swift */,
			);
			path = StarMindsTests;
			sourceTree = "<group>";
		};
		FE7328E128C61E8B002B7FF9 /* StarMindsUITests */ = {
			isa = PBXGroup;
			children = (
				FE7328E228C61E8B002B7FF9 /* StarMindsUITests.swift */,
				FE7328E428C61E8B002B7FF9 /* StarMindsUITestsLaunchTests.swift */,
			);
			path = StarMindsUITests;
			sourceTree = "<group>";
		};
		FE7328F728C62E1D002B7FF9 /* Application */ = {
			isa = PBXGroup;
			children = (
				FE7328C128C61E8A002B7FF9 /* AppDelegate.swift */,
				FE7328C328C61E8A002B7FF9 /* SceneDelegate.swift */,
				FE7328CC28C61E8B002B7FF9 /* LaunchScreen.storyboard */,
			);
			path = Application;
			sourceTree = "<group>";
		};
		FE7328F828C62E3E002B7FF9 /* Resources */ = {
			isa = PBXGroup;
			children = (
				FEE1EB8D28DA06CE00F5C757 /* art.assets */,
				FECDA6B528C6395300E2485E /* 89151-stars.json */,
				FE7328CA28C61E8B002B7FF9 /* Assets.xcassets */,
				FEC6052428CF70FF0097814F /* Stars.json */,
			);
			path = Resources;
			sourceTree = "<group>";
		};
		FE7328F928C62E4B002B7FF9 /* Sources */ = {
			isa = PBXGroup;
			children = (
				FE7328FA28C62EA3002B7FF9 /* Models */,
				FE7328FC28C62EBF002B7FF9 /* ViewControllers */,
				FE7328FB28C62EAB002B7FF9 /* Views */,
				FE795D3828C63DD300469569 /* UIViewExtensions */,
				FE7328FD28C62ED2002B7FF9 /* Protocols */,
			);
			path = Sources;
			sourceTree = "<group>";
		};
		FE7328FA28C62EA3002B7FF9 /* Models */ = {
			isa = PBXGroup;
			children = (
				FE5F9ABD28CB871B00B79303 /* StarsModel.swift */,
				FE1D977A28D20BEC003DBFF4 /* ConstantsModel.swift */,
				D6E1B39928DB382C004D66F7 /* CellTypeModel.swift */,
			);
			path = Models;
			sourceTree = "<group>";
		};
		FE7328FB28C62EAB002B7FF9 /* Views */ = {
			isa = PBXGroup;
			children = (
				FEF5674C28D4A60B00D1112D /* ExplorerView */,
				FEF5674D28D4A62500D1112D /* AboutStarView */,
			);
			path = Views;
			sourceTree = "<group>";
		};
		FE7328FC28C62EBF002B7FF9 /* ViewControllers */ = {
			isa = PBXGroup;
			children = (
				FE7328C528C61E8A002B7FF9 /* ExploreViewController.swift */,
				FE5F9ABB28CB72B700B79303 /* AboutStarViewController.swift */,
			);
			path = ViewControllers;
			sourceTree = "<group>";
		};
		FE7328FD28C62ED2002B7FF9 /* Protocols */ = {
			isa = PBXGroup;
			children = (
				FE7328F128C61FE2002B7FF9 /* ViewConfiguration.swift */,
			);
			path = Protocols;
			sourceTree = "<group>";
		};
		FE795D3828C63DD300469569 /* UIViewExtensions */ = {
			isa = PBXGroup;
			children = (
				FE795D3A28C63E8D00469569 /* CALayer.swift */,
				FE5F9ABF28CF546F00B79303 /* UIImage.swift */,
				59AA906828D0B73E00504FB8 /* UIView.swift */,
			);
			path = UIViewExtensions;
			sourceTree = "<group>";
		};
		FEE1EB8D28DA06CE00F5C757 /* art.assets */ = {
			isa = PBXGroup;
			children = (
				FEE1EB8E28DA06F700F5C757 /* Ana_Amarela#f4c06a.dae */,
				FEE1EB9828DA06F900F5C757 /* Ana_Amarela#f9e074.dae */,
				D699598D28DCA41300DBC595 /* Ana_Amarela#fae594.dae */,
				FEE1EB9728DA06F900F5C757 /* Ana_Branca#c8edfd.dae */,
				FEE1EB9D28DA06FA00F5C757 /* Ana_Branca#e4f5f7.dae */,
				FEE1EB9428DA06F800F5C757 /* Ana_Branca#ebf8f9.dae */,
				FEE1EB9028DA06F700F5C757 /* Anas_Marrons#4d0805.dae */,
				FEE1EB9A28DA06F900F5C757 /* Anas_Marrons#82190e.dae */,
				FEE1EB9928DA06F900F5C757 /* Anas_Marrons#b73713.dae */,
				FEE1EB9B28DA06F900F5C757 /* Estrela_Neutrons#959dba.dae */,
				FEE1EB9F28DA06FA00F5C757 /* Estrela_Neutrons#a7c3cb.dae */,
				FEE1EB9228DA06F800F5C757 /* Estrela_Neutrons#c7ccc8.dae */,
				FEE1EB8F28DA06F700F5C757 /* Estrela_Variavel#d8a201.dae */,
				FEE1EB9128DA06F800F5C757 /* Estrela_Variavel#d86600.dae */,
				FEE1EB9328DA06F800F5C757 /* Estrela_Variavel#f45600.dae */,
				FEE1EB9C28DA06F900F5C757 /* Gigante_Azul#4c94d3.dae */,
				FEE1EBA028DA06FA00F5C757 /* Gigante_Azul#5eb2f5.dae */,
				FEE1EB9628DA06F800F5C757 /* Gigante_Azul#3583d0.dae */,
				FEE1EBA128DA06FA00F5C757 /* Gigante_Vermelha#ea3a28.dae */,
				FEE1EBA228DA06FB00F5C757 /* Gigante_Vermelha#f1751e.dae */,
				FEE1EB9528DA06F800F5C757 /* Gigante_Vermelha#fdb332.dae */,
			);
			path = art.assets;
			sourceTree = "<group>";
		};
		FEF5674C28D4A60B00D1112D /* ExplorerView */ = {
			isa = PBXGroup;
			children = (
				FE795D3C28C76EC700469569 /* CatTalksView.swift */,
				FE795D3E28C780D400469569 /* CollectionViewCell.swift */,
			);
			path = ExplorerView;
			sourceTree = "<group>";
		};
		FEF5674D28D4A62500D1112D /* AboutStarView */ = {
			isa = PBXGroup;
			children = (
				FEE61ADB28D362A200503463 /* VoxelTableViewCell.swift */,
				D6E1B39B28DB49D3004D66F7 /* VoxDescriptionTableViewCell.swift */,
			);
			path = AboutStarView;
			sourceTree = "<group>";
		};
/* End PBXGroup section */

/* Begin PBXNativeTarget section */
		FE7328BD28C61E8A002B7FF9 /* StarMinds */ = {
			isa = PBXNativeTarget;
			buildConfigurationList = FE7328E828C61E8B002B7FF9 /* Build configuration list for PBXNativeTarget "StarMinds" */;
			buildPhases = (
				FE7328BA28C61E8A002B7FF9 /* Sources */,
				FE7328BB28C61E8A002B7FF9 /* Frameworks */,
				FE7328BC28C61E8A002B7FF9 /* Resources */,
				FE7328F428C6219E002B7FF9 /* ShellScript */,
			);
			buildRules = (
			);
			dependencies = (
			);
			name = StarMinds;
			packageProductDependencies = (
				FE7328FF28C63696002B7FF9 /* Lottie */,
			);
			productName = StarMinds;
			productReference = FE7328BE28C61E8A002B7FF9 /* StarMinds.app */;
			productType = "com.apple.product-type.application";
		};
		FE7328D328C61E8B002B7FF9 /* StarMindsTests */ = {
			isa = PBXNativeTarget;
			buildConfigurationList = FE7328EB28C61E8B002B7FF9 /* Build configuration list for PBXNativeTarget "StarMindsTests" */;
			buildPhases = (
				FE7328D028C61E8B002B7FF9 /* Sources */,
				FE7328D128C61E8B002B7FF9 /* Frameworks */,
				FE7328D228C61E8B002B7FF9 /* Resources */,
			);
			buildRules = (
			);
			dependencies = (
				FE7328D628C61E8B002B7FF9 /* PBXTargetDependency */,
			);
			name = StarMindsTests;
			productName = StarMindsTests;
			productReference = FE7328D428C61E8B002B7FF9 /* StarMindsTests.xctest */;
			productType = "com.apple.product-type.bundle.unit-test";
		};
		FE7328DD28C61E8B002B7FF9 /* StarMindsUITests */ = {
			isa = PBXNativeTarget;
			buildConfigurationList = FE7328EE28C61E8B002B7FF9 /* Build configuration list for PBXNativeTarget "StarMindsUITests" */;
			buildPhases = (
				FE7328DA28C61E8B002B7FF9 /* Sources */,
				FE7328DB28C61E8B002B7FF9 /* Frameworks */,
				FE7328DC28C61E8B002B7FF9 /* Resources */,
			);
			buildRules = (
			);
			dependencies = (
				FE7328E028C61E8B002B7FF9 /* PBXTargetDependency */,
			);
			name = StarMindsUITests;
			productName = StarMindsUITests;
			productReference = FE7328DE28C61E8B002B7FF9 /* StarMindsUITests.xctest */;
			productType = "com.apple.product-type.bundle.ui-testing";
		};
/* End PBXNativeTarget section */

/* Begin PBXProject section */
		FE7328B628C61E8A002B7FF9 /* Project object */ = {
			isa = PBXProject;
			attributes = {
				BuildIndependentTargetsInParallel = 1;
				LastSwiftUpdateCheck = 1340;
				LastUpgradeCheck = 1340;
				TargetAttributes = {
					FE7328BD28C61E8A002B7FF9 = {
						CreatedOnToolsVersion = 13.4.1;
					};
					FE7328D328C61E8B002B7FF9 = {
						CreatedOnToolsVersion = 13.4.1;
						TestTargetID = FE7328BD28C61E8A002B7FF9;
					};
					FE7328DD28C61E8B002B7FF9 = {
						CreatedOnToolsVersion = 13.4.1;
						TestTargetID = FE7328BD28C61E8A002B7FF9;
					};
				};
			};
			buildConfigurationList = FE7328B928C61E8A002B7FF9 /* Build configuration list for PBXProject "StarMinds" */;
			compatibilityVersion = "Xcode 13.0";
			developmentRegion = en;
			hasScannedForEncodings = 0;
			knownRegions = (
				en,
				Base,
			);
			mainGroup = FE7328B528C61E8A002B7FF9;
			packageReferences = (
				FE7328FE28C63696002B7FF9 /* XCRemoteSwiftPackageReference "lottie-ios" */,
			);
			productRefGroup = FE7328BF28C61E8A002B7FF9 /* Products */;
			projectDirPath = "";
			projectRoot = "";
			targets = (
				FE7328BD28C61E8A002B7FF9 /* StarMinds */,
				FE7328D328C61E8B002B7FF9 /* StarMindsTests */,
				FE7328DD28C61E8B002B7FF9 /* StarMindsUITests */,
			);
		};
/* End PBXProject section */

/* Begin PBXResourcesBuildPhase section */
		FE7328BC28C61E8A002B7FF9 /* Resources */ = {
			isa = PBXResourcesBuildPhase;
			buildActionMask = 2147483647;
			files = (
				FEE1EBAC28DA06FB00F5C757 /* Ana_Branca#c8edfd.dae in Resources */,
				FEE1EBAF28DA06FB00F5C757 /* Anas_Marrons#82190e.dae in Resources */,
				FEE1EBA528DA06FB00F5C757 /* Anas_Marrons#4d0805.dae in Resources */,
				FE559C6728CF9F4000FAA814 /* Stars.json in Resources */,
				FEE1EBB628DA06FB00F5C757 /* Gigante_Vermelha#ea3a28.dae in Resources */,
				FEE1EBB728DA06FB00F5C757 /* Gigante_Vermelha#f1751e.dae in Resources */,
				FEE1EBB428DA06FB00F5C757 /* Estrela_Neutrons#a7c3cb.dae in Resources */,
				FEE1EBA428DA06FB00F5C757 /* Estrela_Variavel#d8a201.dae in Resources */,
				FEE1EBA328DA06FB00F5C757 /* Ana_Amarela#f4c06a.dae in Resources */,
				FE7328CE28C61E8B002B7FF9 /* LaunchScreen.storyboard in Resources */,
				FEE1EBA928DA06FB00F5C757 /* Ana_Branca#ebf8f9.dae in Resources */,
				FEE1EBA728DA06FB00F5C757 /* Estrela_Neutrons#c7ccc8.dae in Resources */,
				FEE1EBB128DA06FB00F5C757 /* Gigante_Azul#4c94d3.dae in Resources */,
				FECDA6B628C6395300E2485E /* 89151-stars.json in Resources */,
				FEE1EBB228DA06FB00F5C757 /* Ana_Branca#e4f5f7.dae in Resources */,
				FEE1EBAD28DA06FB00F5C757 /* Ana_Amarela#f9e074.dae in Resources */,
				D699598E28DCA41300DBC595 /* Ana_Amarela#fae594.dae in Resources */,
				FEE1EBB028DA06FB00F5C757 /* Estrela_Neutrons#959dba.dae in Resources */,
				FEE1EBAA28DA06FB00F5C757 /* Gigante_Vermelha#fdb332.dae in Resources */,
				FE7328CB28C61E8B002B7FF9 /* Assets.xcassets in Resources */,
				FEE1EBB528DA06FB00F5C757 /* Gigante_Azul#5eb2f5.dae in Resources */,
				FEE1EBA828DA06FB00F5C757 /* Estrela_Variavel#f45600.dae in Resources */,
				FEE1EBAE28DA06FB00F5C757 /* Anas_Marrons#b73713.dae in Resources */,
				FEE1EBA628DA06FB00F5C757 /* Estrela_Variavel#d86600.dae in Resources */,
				FEE1EBAB28DA06FB00F5C757 /* Gigante_Azul#3583d0.dae in Resources */,
			);
			runOnlyForDeploymentPostprocessing = 0;
		};
		FE7328D228C61E8B002B7FF9 /* Resources */ = {
			isa = PBXResourcesBuildPhase;
			buildActionMask = 2147483647;
			files = (
			);
			runOnlyForDeploymentPostprocessing = 0;
		};
		FE7328DC28C61E8B002B7FF9 /* Resources */ = {
			isa = PBXResourcesBuildPhase;
			buildActionMask = 2147483647;
			files = (
			);
			runOnlyForDeploymentPostprocessing = 0;
		};
/* End PBXResourcesBuildPhase section */

/* Begin PBXShellScriptBuildPhase section */
		FE7328F428C6219E002B7FF9 /* ShellScript */ = {
			isa = PBXShellScriptBuildPhase;
			buildActionMask = 2147483647;
			files = (
			);
			inputFileListPaths = (
			);
			inputPaths = (
			);
			outputFileListPaths = (
			);
			outputPaths = (
			);
			runOnlyForDeploymentPostprocessing = 0;
			shellPath = /bin/sh;
			shellScript = "if which swiftlint >/dev/null; then\nswiftlint\nelse\necho \"warning: Swiftlint not installed, download from https://github.com/realm/SwiftLint\"\nfi\n\n";
		};
/* End PBXShellScriptBuildPhase section */

/* Begin PBXSourcesBuildPhase section */
		FE7328BA28C61E8A002B7FF9 /* Sources */ = {
			isa = PBXSourcesBuildPhase;
			buildActionMask = 2147483647;
			files = (
				FE5F9ABE28CB871B00B79303 /* StarsModel.swift in Sources */,
				D6E1B39A28DB382C004D66F7 /* CellTypeModel.swift in Sources */,
				FE5F9AC028CF546F00B79303 /* UIImage.swift in Sources */,
				FE7328C628C61E8A002B7FF9 /* ExploreViewController.swift in Sources */,
				FE795D3D28C76EC700469569 /* CatTalksView.swift in Sources */,
				59AA906928D0B73E00504FB8 /* UIView.swift in Sources */,
				FE1D977B28D20BEC003DBFF4 /* ConstantsModel.swift in Sources */,
				FEE61ADC28D362A200503463 /* VoxelTableViewCell.swift in Sources */,
				FE7328F228C61FE2002B7FF9 /* ViewConfiguration.swift in Sources */,
				FE795D3F28C780D400469569 /* CollectionViewCell.swift in Sources */,
				FE5F9ABC28CB72B700B79303 /* AboutStarViewController.swift in Sources */,
				D6E1B39C28DB49D3004D66F7 /* VoxDescriptionTableViewCell.swift in Sources */,
				FE795D3B28C63E8D00469569 /* CALayer.swift in Sources */,
				FE7328C228C61E8A002B7FF9 /* AppDelegate.swift in Sources */,
				FE7328C428C61E8A002B7FF9 /* SceneDelegate.swift in Sources */,
			);
			runOnlyForDeploymentPostprocessing = 0;
		};
		FE7328D028C61E8B002B7FF9 /* Sources */ = {
			isa = PBXSourcesBuildPhase;
			buildActionMask = 2147483647;
			files = (
				FE7328D928C61E8B002B7FF9 /* StarMindsTests.swift in Sources */,
			);
			runOnlyForDeploymentPostprocessing = 0;
		};
		FE7328DA28C61E8B002B7FF9 /* Sources */ = {
			isa = PBXSourcesBuildPhase;
			buildActionMask = 2147483647;
			files = (
				FE7328E528C61E8B002B7FF9 /* StarMindsUITestsLaunchTests.swift in Sources */,
				FE7328E328C61E8B002B7FF9 /* StarMindsUITests.swift in Sources */,
			);
			runOnlyForDeploymentPostprocessing = 0;
		};
/* End PBXSourcesBuildPhase section */

/* Begin PBXTargetDependency section */
		FE7328D628C61E8B002B7FF9 /* PBXTargetDependency */ = {
			isa = PBXTargetDependency;
			target = FE7328BD28C61E8A002B7FF9 /* StarMinds */;
			targetProxy = FE7328D528C61E8B002B7FF9 /* PBXContainerItemProxy */;
		};
		FE7328E028C61E8B002B7FF9 /* PBXTargetDependency */ = {
			isa = PBXTargetDependency;
			target = FE7328BD28C61E8A002B7FF9 /* StarMinds */;
			targetProxy = FE7328DF28C61E8B002B7FF9 /* PBXContainerItemProxy */;
		};
/* End PBXTargetDependency section */

/* Begin PBXVariantGroup section */
		FE7328CC28C61E8B002B7FF9 /* LaunchScreen.storyboard */ = {
			isa = PBXVariantGroup;
			children = (
				FE7328CD28C61E8B002B7FF9 /* Base */,
			);
			name = LaunchScreen.storyboard;
			sourceTree = "<group>";
		};
/* End PBXVariantGroup section */

/* Begin XCBuildConfiguration section */
		FE7328E628C61E8B002B7FF9 /* Debug */ = {
			isa = XCBuildConfiguration;
			buildSettings = {
				ALWAYS_SEARCH_USER_PATHS = NO;
				CLANG_ANALYZER_NONNULL = YES;
				CLANG_ANALYZER_NUMBER_OBJECT_CONVERSION = YES_AGGRESSIVE;
				CLANG_CXX_LANGUAGE_STANDARD = "gnu++17";
				CLANG_ENABLE_MODULES = YES;
				CLANG_ENABLE_OBJC_ARC = YES;
				CLANG_ENABLE_OBJC_WEAK = YES;
				CLANG_WARN_BLOCK_CAPTURE_AUTORELEASING = YES;
				CLANG_WARN_BOOL_CONVERSION = YES;
				CLANG_WARN_COMMA = YES;
				CLANG_WARN_CONSTANT_CONVERSION = YES;
				CLANG_WARN_DEPRECATED_OBJC_IMPLEMENTATIONS = YES;
				CLANG_WARN_DIRECT_OBJC_ISA_USAGE = YES_ERROR;
				CLANG_WARN_DOCUMENTATION_COMMENTS = YES;
				CLANG_WARN_EMPTY_BODY = YES;
				CLANG_WARN_ENUM_CONVERSION = YES;
				CLANG_WARN_INFINITE_RECURSION = YES;
				CLANG_WARN_INT_CONVERSION = YES;
				CLANG_WARN_NON_LITERAL_NULL_CONVERSION = YES;
				CLANG_WARN_OBJC_IMPLICIT_RETAIN_SELF = YES;
				CLANG_WARN_OBJC_LITERAL_CONVERSION = YES;
				CLANG_WARN_OBJC_ROOT_CLASS = YES_ERROR;
				CLANG_WARN_QUOTED_INCLUDE_IN_FRAMEWORK_HEADER = YES;
				CLANG_WARN_RANGE_LOOP_ANALYSIS = YES;
				CLANG_WARN_STRICT_PROTOTYPES = YES;
				CLANG_WARN_SUSPICIOUS_MOVE = YES;
				CLANG_WARN_UNGUARDED_AVAILABILITY = YES_AGGRESSIVE;
				CLANG_WARN_UNREACHABLE_CODE = YES;
				CLANG_WARN__DUPLICATE_METHOD_MATCH = YES;
				COPY_PHASE_STRIP = NO;
				DEBUG_INFORMATION_FORMAT = dwarf;
				ENABLE_STRICT_OBJC_MSGSEND = YES;
				ENABLE_TESTABILITY = YES;
				GCC_C_LANGUAGE_STANDARD = gnu11;
				GCC_DYNAMIC_NO_PIC = NO;
				GCC_NO_COMMON_BLOCKS = YES;
				GCC_OPTIMIZATION_LEVEL = 0;
				GCC_PREPROCESSOR_DEFINITIONS = (
					"DEBUG=1",
					"$(inherited)",
				);
				GCC_WARN_64_TO_32_BIT_CONVERSION = YES;
				GCC_WARN_ABOUT_RETURN_TYPE = YES_ERROR;
				GCC_WARN_UNDECLARED_SELECTOR = YES;
				GCC_WARN_UNINITIALIZED_AUTOS = YES_AGGRESSIVE;
				GCC_WARN_UNUSED_FUNCTION = YES;
				GCC_WARN_UNUSED_VARIABLE = YES;
				IPHONEOS_DEPLOYMENT_TARGET = 15.5;
				MTL_ENABLE_DEBUG_INFO = INCLUDE_SOURCE;
				MTL_FAST_MATH = YES;
				ONLY_ACTIVE_ARCH = YES;
				SDKROOT = iphoneos;
				SWIFT_ACTIVE_COMPILATION_CONDITIONS = DEBUG;
				SWIFT_OPTIMIZATION_LEVEL = "-Onone";
			};
			name = Debug;
		};
		FE7328E728C61E8B002B7FF9 /* Release */ = {
			isa = XCBuildConfiguration;
			buildSettings = {
				ALWAYS_SEARCH_USER_PATHS = NO;
				CLANG_ANALYZER_NONNULL = YES;
				CLANG_ANALYZER_NUMBER_OBJECT_CONVERSION = YES_AGGRESSIVE;
				CLANG_CXX_LANGUAGE_STANDARD = "gnu++17";
				CLANG_ENABLE_MODULES = YES;
				CLANG_ENABLE_OBJC_ARC = YES;
				CLANG_ENABLE_OBJC_WEAK = YES;
				CLANG_WARN_BLOCK_CAPTURE_AUTORELEASING = YES;
				CLANG_WARN_BOOL_CONVERSION = YES;
				CLANG_WARN_COMMA = YES;
				CLANG_WARN_CONSTANT_CONVERSION = YES;
				CLANG_WARN_DEPRECATED_OBJC_IMPLEMENTATIONS = YES;
				CLANG_WARN_DIRECT_OBJC_ISA_USAGE = YES_ERROR;
				CLANG_WARN_DOCUMENTATION_COMMENTS = YES;
				CLANG_WARN_EMPTY_BODY = YES;
				CLANG_WARN_ENUM_CONVERSION = YES;
				CLANG_WARN_INFINITE_RECURSION = YES;
				CLANG_WARN_INT_CONVERSION = YES;
				CLANG_WARN_NON_LITERAL_NULL_CONVERSION = YES;
				CLANG_WARN_OBJC_IMPLICIT_RETAIN_SELF = YES;
				CLANG_WARN_OBJC_LITERAL_CONVERSION = YES;
				CLANG_WARN_OBJC_ROOT_CLASS = YES_ERROR;
				CLANG_WARN_QUOTED_INCLUDE_IN_FRAMEWORK_HEADER = YES;
				CLANG_WARN_RANGE_LOOP_ANALYSIS = YES;
				CLANG_WARN_STRICT_PROTOTYPES = YES;
				CLANG_WARN_SUSPICIOUS_MOVE = YES;
				CLANG_WARN_UNGUARDED_AVAILABILITY = YES_AGGRESSIVE;
				CLANG_WARN_UNREACHABLE_CODE = YES;
				CLANG_WARN__DUPLICATE_METHOD_MATCH = YES;
				COPY_PHASE_STRIP = NO;
				DEBUG_INFORMATION_FORMAT = "dwarf-with-dsym";
				ENABLE_NS_ASSERTIONS = NO;
				ENABLE_STRICT_OBJC_MSGSEND = YES;
				GCC_C_LANGUAGE_STANDARD = gnu11;
				GCC_NO_COMMON_BLOCKS = YES;
				GCC_WARN_64_TO_32_BIT_CONVERSION = YES;
				GCC_WARN_ABOUT_RETURN_TYPE = YES_ERROR;
				GCC_WARN_UNDECLARED_SELECTOR = YES;
				GCC_WARN_UNINITIALIZED_AUTOS = YES_AGGRESSIVE;
				GCC_WARN_UNUSED_FUNCTION = YES;
				GCC_WARN_UNUSED_VARIABLE = YES;
				IPHONEOS_DEPLOYMENT_TARGET = 15.5;
				MTL_ENABLE_DEBUG_INFO = NO;
				MTL_FAST_MATH = YES;
				SDKROOT = iphoneos;
				SWIFT_COMPILATION_MODE = wholemodule;
				SWIFT_OPTIMIZATION_LEVEL = "-O";
				VALIDATE_PRODUCT = YES;
			};
			name = Release;
		};
		FE7328E928C61E8B002B7FF9 /* Debug */ = {
			isa = XCBuildConfiguration;
			buildSettings = {
				ASSETCATALOG_COMPILER_APPICON_NAME = AppIcon;
				ASSETCATALOG_COMPILER_GLOBAL_ACCENT_COLOR_NAME = AccentColor;
				CODE_SIGN_STYLE = Automatic;
				CURRENT_PROJECT_VERSION = 1;
				DEVELOPMENT_ASSET_PATHS = "";
				DEVELOPMENT_TEAM = S2FBP6VDL8;
				GENERATE_INFOPLIST_FILE = YES;
				INFOPLIST_FILE = StarMinds/Info.plist;
				INFOPLIST_KEY_UIApplicationSupportsIndirectInputEvents = YES;
				INFOPLIST_KEY_UILaunchStoryboardName = LaunchScreen;
				INFOPLIST_KEY_UISupportedInterfaceOrientations = UIInterfaceOrientationPortrait;
				INFOPLIST_KEY_UISupportedInterfaceOrientations_iPad = "UIInterfaceOrientationLandscapeLeft UIInterfaceOrientationLandscapeRight UIInterfaceOrientationPortrait UIInterfaceOrientationPortraitUpsideDown";
				LD_RUNPATH_SEARCH_PATHS = (
					"$(inherited)",
					"@executable_path/Frameworks",
				);
				MARKETING_VERSION = 1.0;
				PRODUCT_BUNDLE_IDENTIFIER = Sarah.StarMinds2;
				PRODUCT_NAME = "$(TARGET_NAME)";
				SUPPORTED_PLATFORMS = "iphoneos iphonesimulator";
				SUPPORTS_MACCATALYST = NO;
				SUPPORTS_MAC_DESIGNED_FOR_IPHONE_IPAD = NO;
				SWIFT_EMIT_LOC_STRINGS = YES;
				SWIFT_VERSION = 5.0;
				TARGETED_DEVICE_FAMILY = 1;
			};
			name = Debug;
		};
		FE7328EA28C61E8B002B7FF9 /* Release */ = {
			isa = XCBuildConfiguration;
			buildSettings = {
				ASSETCATALOG_COMPILER_APPICON_NAME = AppIcon;
				ASSETCATALOG_COMPILER_GLOBAL_ACCENT_COLOR_NAME = AccentColor;
				CODE_SIGN_STYLE = Automatic;
				CURRENT_PROJECT_VERSION = 1;
				DEVELOPMENT_ASSET_PATHS = "";
				DEVELOPMENT_TEAM = S2FBP6VDL8;
				GENERATE_INFOPLIST_FILE = YES;
				INFOPLIST_FILE = StarMinds/Info.plist;
				INFOPLIST_KEY_UIApplicationSupportsIndirectInputEvents = YES;
				INFOPLIST_KEY_UILaunchStoryboardName = LaunchScreen;
				INFOPLIST_KEY_UISupportedInterfaceOrientations = UIInterfaceOrientationPortrait;
				INFOPLIST_KEY_UISupportedInterfaceOrientations_iPad = "UIInterfaceOrientationLandscapeLeft UIInterfaceOrientationLandscapeRight UIInterfaceOrientationPortrait UIInterfaceOrientationPortraitUpsideDown";
				LD_RUNPATH_SEARCH_PATHS = (
					"$(inherited)",
					"@executable_path/Frameworks",
				);
				MARKETING_VERSION = 1.0;
				PRODUCT_BUNDLE_IDENTIFIER = Sarah.StarMinds2;
				PRODUCT_NAME = "$(TARGET_NAME)";
				SUPPORTED_PLATFORMS = "iphoneos iphonesimulator";
				SUPPORTS_MACCATALYST = NO;
				SUPPORTS_MAC_DESIGNED_FOR_IPHONE_IPAD = NO;
				SWIFT_EMIT_LOC_STRINGS = YES;
				SWIFT_VERSION = 5.0;
				TARGETED_DEVICE_FAMILY = 1;
			};
			name = Release;
		};
		FE7328EC28C61E8B002B7FF9 /* Debug */ = {
			isa = XCBuildConfiguration;
			buildSettings = {
				ALWAYS_EMBED_SWIFT_STANDARD_LIBRARIES = YES;
				BUNDLE_LOADER = "$(TEST_HOST)";
				CODE_SIGN_STYLE = Automatic;
				CURRENT_PROJECT_VERSION = 1;
				DEVELOPMENT_TEAM = DVX5N2U74F;
				GENERATE_INFOPLIST_FILE = YES;
				IPHONEOS_DEPLOYMENT_TARGET = 15.5;
				MARKETING_VERSION = 1.0;
				PRODUCT_BUNDLE_IDENTIFIER = robson.StarMindsTests;
				PRODUCT_NAME = "$(TARGET_NAME)";
				SWIFT_EMIT_LOC_STRINGS = NO;
				SWIFT_VERSION = 5.0;
				TARGETED_DEVICE_FAMILY = "1,2";
				TEST_HOST = "$(BUILT_PRODUCTS_DIR)/StarMinds.app/StarMinds";
			};
			name = Debug;
		};
		FE7328ED28C61E8B002B7FF9 /* Release */ = {
			isa = XCBuildConfiguration;
			buildSettings = {
				ALWAYS_EMBED_SWIFT_STANDARD_LIBRARIES = YES;
				BUNDLE_LOADER = "$(TEST_HOST)";
				CODE_SIGN_STYLE = Automatic;
				CURRENT_PROJECT_VERSION = 1;
				DEVELOPMENT_TEAM = DVX5N2U74F;
				GENERATE_INFOPLIST_FILE = YES;
				IPHONEOS_DEPLOYMENT_TARGET = 15.5;
				MARKETING_VERSION = 1.0;
				PRODUCT_BUNDLE_IDENTIFIER = robson.StarMindsTests;
				PRODUCT_NAME = "$(TARGET_NAME)";
				SWIFT_EMIT_LOC_STRINGS = NO;
				SWIFT_VERSION = 5.0;
				TARGETED_DEVICE_FAMILY = "1,2";
				TEST_HOST = "$(BUILT_PRODUCTS_DIR)/StarMinds.app/StarMinds";
			};
			name = Release;
		};
		FE7328EF28C61E8B002B7FF9 /* Debug */ = {
			isa = XCBuildConfiguration;
			buildSettings = {
				ALWAYS_EMBED_SWIFT_STANDARD_LIBRARIES = YES;
				CODE_SIGN_STYLE = Automatic;
				CURRENT_PROJECT_VERSION = 1;
				DEVELOPMENT_TEAM = DVX5N2U74F;
				GENERATE_INFOPLIST_FILE = YES;
				MARKETING_VERSION = 1.0;
				PRODUCT_BUNDLE_IDENTIFIER = robson.StarMindsUITests;
				PRODUCT_NAME = "$(TARGET_NAME)";
				SWIFT_EMIT_LOC_STRINGS = NO;
				SWIFT_VERSION = 5.0;
				TARGETED_DEVICE_FAMILY = "1,2";
				TEST_TARGET_NAME = StarMinds;
			};
			name = Debug;
		};
		FE7328F028C61E8B002B7FF9 /* Release */ = {
			isa = XCBuildConfiguration;
			buildSettings = {
				ALWAYS_EMBED_SWIFT_STANDARD_LIBRARIES = YES;
				CODE_SIGN_STYLE = Automatic;
				CURRENT_PROJECT_VERSION = 1;
				DEVELOPMENT_TEAM = DVX5N2U74F;
				GENERATE_INFOPLIST_FILE = YES;
				MARKETING_VERSION = 1.0;
				PRODUCT_BUNDLE_IDENTIFIER = robson.StarMindsUITests;
				PRODUCT_NAME = "$(TARGET_NAME)";
				SWIFT_EMIT_LOC_STRINGS = NO;
				SWIFT_VERSION = 5.0;
				TARGETED_DEVICE_FAMILY = "1,2";
				TEST_TARGET_NAME = StarMinds;
			};
			name = Release;
		};
/* End XCBuildConfiguration section */

/* Begin XCConfigurationList section */
		FE7328B928C61E8A002B7FF9 /* Build configuration list for PBXProject "StarMinds" */ = {
			isa = XCConfigurationList;
			buildConfigurations = (
				FE7328E628C61E8B002B7FF9 /* Debug */,
				FE7328E728C61E8B002B7FF9 /* Release */,
			);
			defaultConfigurationIsVisible = 0;
			defaultConfigurationName = Release;
		};
		FE7328E828C61E8B002B7FF9 /* Build configuration list for PBXNativeTarget "StarMinds" */ = {
			isa = XCConfigurationList;
			buildConfigurations = (
				FE7328E928C61E8B002B7FF9 /* Debug */,
				FE7328EA28C61E8B002B7FF9 /* Release */,
			);
			defaultConfigurationIsVisible = 0;
			defaultConfigurationName = Release;
		};
		FE7328EB28C61E8B002B7FF9 /* Build configuration list for PBXNativeTarget "StarMindsTests" */ = {
			isa = XCConfigurationList;
			buildConfigurations = (
				FE7328EC28C61E8B002B7FF9 /* Debug */,
				FE7328ED28C61E8B002B7FF9 /* Release */,
			);
			defaultConfigurationIsVisible = 0;
			defaultConfigurationName = Release;
		};
		FE7328EE28C61E8B002B7FF9 /* Build configuration list for PBXNativeTarget "StarMindsUITests" */ = {
			isa = XCConfigurationList;
			buildConfigurations = (
				FE7328EF28C61E8B002B7FF9 /* Debug */,
				FE7328F028C61E8B002B7FF9 /* Release */,
			);
			defaultConfigurationIsVisible = 0;
			defaultConfigurationName = Release;
		};
/* End XCConfigurationList section */

/* Begin XCRemoteSwiftPackageReference section */
		FE7328FE28C63696002B7FF9 /* XCRemoteSwiftPackageReference "lottie-ios" */ = {
			isa = XCRemoteSwiftPackageReference;
			repositoryURL = "https://github.com/airbnb/lottie-ios";
			requirement = {
				branch = master;
				kind = branch;
			};
		};
/* End XCRemoteSwiftPackageReference section */

/* Begin XCSwiftPackageProductDependency section */
		FE7328FF28C63696002B7FF9 /* Lottie */ = {
			isa = XCSwiftPackageProductDependency;
			package = FE7328FE28C63696002B7FF9 /* XCRemoteSwiftPackageReference "lottie-ios" */;
			productName = Lottie;
		};
/* End XCSwiftPackageProductDependency section */
	};
	rootObject = FE7328B628C61E8A002B7FF9 /* Project object */;
}
